
Microsoft Visual Studio Solution File, Format Version 12.00
# Visual Studio Version 17
VisualStudioVersion = 17.10.34928.147
MinimumVisualStudioVersion = 10.0.40219.1
Project("{FAE04EC0-301F-11D3-BF4B-00C04F79EFBC}") = "PhotoMaximuuum", "PhotoMaximuuum\PhotoMaximuuum.csproj", "{5F662D11-2818-41F7-B3E6-D3117CB2AA37}"
EndProject
Global
	GlobalSection(SolutionConfigurationPlatforms) = preSolution
		Debug|Any CPU = Debug|Any CPU
		Release|Any CPU = Release|Any CPU
	EndGlobalSection
	GlobalSection(ProjectConfigurationPlatforms) = postSolution
		{5F662D11-2818-41F7-B3E6-D3117CB2AA37}.Debug|Any CPU.ActiveCfg = Debug|Any CPU
		{5F662D11-2818-41F7-B3E6-D3117CB2AA37}.Debug|Any CPU.Build.0 = Debug|Any CPU
		{5F662D11-2818-41F7-B3E6-D3117CB2AA37}.Release|Any CPU.ActiveCfg = Release|Any CPU
		{5F662D11-2818-41F7-B3E6-D3117CB2AA37}.Release|Any CPU.Build.0 = Release|Any CPU
	EndGlobalSection
	GlobalSection(SolutionProperties) = preSolution
		HideSolutionNode = FALSE
	EndGlobalSection
	GlobalSection(ExtensibilityGlobals) = postSolution
		SolutionGuid = {45D0A00B-3BEE-4600-A514-8CC62D1B70CA}
	EndGlobalSection
EndGlobal
